
Microsoft Visual Studio Solution File, Format Version 12.00
# Visual Studio Version 16
VisualStudioVersion = 16.0.31424.327
MinimumVisualStudioVersion = 10.0.40219.1
Project("{FAE04EC0-301F-11D3-BF4B-00C04F79EFBC}") = "QualityGateCodeAlong", "QualityGateCodeAlong\QualityGateCodeAlong.csproj", "{43CA1598-C206-4569-900C-8BB05C2B03F3}"
EndProject
Project("{FAE04EC0-301F-11D3-BF4B-00C04F79EFBC}") = "TestingMyQualityGateCode", "TestingMyQualityGateCode\TestingMyQualityGateCode.csproj", "{86768DD4-02DF-42EA-B176-35EE5E4B7491}"
EndProject
Global
	GlobalSection(SolutionConfigurationPlatforms) = preSolution
		Debug|Any CPU = Debug|Any CPU
		Release|Any CPU = Release|Any CPU
	EndGlobalSection
	GlobalSection(ProjectConfigurationPlatforms) = postSolution
		{43CA1598-C206-4569-900C-8BB05C2B03F3}.Debug|Any CPU.ActiveCfg = Debug|Any CPU
		{43CA1598-C206-4569-900C-8BB05C2B03F3}.Debug|Any CPU.Build.0 = Debug|Any CPU
		{43CA1598-C206-4569-900C-8BB05C2B03F3}.Release|Any CPU.ActiveCfg = Release|Any CPU
		{43CA1598-C206-4569-900C-8BB05C2B03F3}.Release|Any CPU.Build.0 = Release|Any CPU
		{86768DD4-02DF-42EA-B176-35EE5E4B7491}.Debug|Any CPU.ActiveCfg = Debug|Any CPU
		{86768DD4-02DF-42EA-B176-35EE5E4B7491}.Debug|Any CPU.Build.0 = Debug|Any CPU
		{86768DD4-02DF-42EA-B176-35EE5E4B7491}.Release|Any CPU.ActiveCfg = Release|Any CPU
		{86768DD4-02DF-42EA-B176-35EE5E4B7491}.Release|Any CPU.Build.0 = Release|Any CPU
	EndGlobalSection
	GlobalSection(SolutionProperties) = preSolution
		HideSolutionNode = FALSE
	EndGlobalSection
	GlobalSection(ExtensibilityGlobals) = postSolution
		SolutionGuid = {2BCA8435-A0C4-451A-8499-0268E380E6A0}
	EndGlobalSection
EndGlobal
