
Microsoft Visual Studio Solution File, Format Version 12.00
# Visual Studio Version 16
VisualStudioVersion = 16.0.31424.327
MinimumVisualStudioVersion = 10.0.40219.1
Project("{FAE04EC0-301F-11D3-BF4B-00C04F79EFBC}") = "CodeKata4_returnClosestToZero", "CodeKata4_returnClosestToZero\CodeKata4_returnClosestToZero.csproj", "{94335A0E-BA08-4FD5-854B-BCC67E43D1C1}"
EndProject
Project("{FAE04EC0-301F-11D3-BF4B-00C04F79EFBC}") = "TestingCodeKata4", "TestingCodeKata4\TestingCodeKata4.csproj", "{7D14C1CF-DE6D-49C9-ABDA-75D32449E869}"
EndProject
Global
	GlobalSection(SolutionConfigurationPlatforms) = preSolution
		Debug|Any CPU = Debug|Any CPU
		Release|Any CPU = Release|Any CPU
	EndGlobalSection
	GlobalSection(ProjectConfigurationPlatforms) = postSolution
		{94335A0E-BA08-4FD5-854B-BCC67E43D1C1}.Debug|Any CPU.ActiveCfg = Debug|Any CPU
		{94335A0E-BA08-4FD5-854B-BCC67E43D1C1}.Debug|Any CPU.Build.0 = Debug|Any CPU
		{94335A0E-BA08-4FD5-854B-BCC67E43D1C1}.Release|Any CPU.ActiveCfg = Release|Any CPU
		{94335A0E-BA08-4FD5-854B-BCC67E43D1C1}.Release|Any CPU.Build.0 = Release|Any CPU
		{7D14C1CF-DE6D-49C9-ABDA-75D32449E869}.Debug|Any CPU.ActiveCfg = Debug|Any CPU
		{7D14C1CF-DE6D-49C9-ABDA-75D32449E869}.Debug|Any CPU.Build.0 = Debug|Any CPU
		{7D14C1CF-DE6D-49C9-ABDA-75D32449E869}.Release|Any CPU.ActiveCfg = Release|Any CPU
		{7D14C1CF-DE6D-49C9-ABDA-75D32449E869}.Release|Any CPU.Build.0 = Release|Any CPU
	EndGlobalSection
	GlobalSection(SolutionProperties) = preSolution
		HideSolutionNode = FALSE
	EndGlobalSection
	GlobalSection(ExtensibilityGlobals) = postSolution
		SolutionGuid = {31EADEFF-FC5E-474E-A937-EB0A8C587245}
	EndGlobalSection
EndGlobal
